{
  "name": "uxp-template-ps-starter",
  "version": "1.0.0",
  "lockfileVersion": 3,
  "requires": true,
  "packages": {
    "": {
      "name": "uxp-template-ps-starter",
      "version": "1.0.0",
      "license": "Apache-2.0",
      "dependencies": {
        "@spectrum-web-components/picker": "^1.7.0"
      }
    },
    "node_modules/@floating-ui/core": {
      "version": "1.7.3",
      "resolved": "https://registry.npmjs.org/@floating-ui/core/-/core-1.7.3.tgz",
      "integrity": "sha512-sGnvb5dmrJaKEZ+LDIpguvdX3bDlEllmv4/ClQ9awcmCZrlx5jQyyMWFM5kBI+EyNOCDDiKk8il0zeuX3Zlg/w==",
      "license": "MIT",
      "dependencies": {
        "@floating-ui/utils": "^0.2.10"
      }
    },
    "node_modules/@floating-ui/dom": {
      "version": "1.7.4",
      "resolved": "https://registry.npmjs.org/@floating-ui/dom/-/dom-1.7.4.tgz",
      "integrity": "sha512-OOchDgh4F2CchOX94cRVqhvy7b3AFb+/rQXyswmzmGakRfkMgoWVjfnLWkRirfLEfuD4ysVW16eXzwt3jHIzKA==",
      "license": "MIT",
      "dependencies": {
        "@floating-ui/core": "^1.7.3",
        "@floating-ui/utils": "^0.2.10"
      }
    },
    "node_modules/@floating-ui/utils": {
      "version": "0.2.10",
      "resolved": "https://registry.npmjs.org/@floating-ui/utils/-/utils-0.2.10.tgz",
      "integrity": "sha512-aGTxbpbg8/b5JfU1HXSrbH3wXZuLPJcNEcZQFMxLs3oSzgtVu6nFPkbbGGUvBcUjKV2YyB9Wxxabo+HEH9tcRQ==",
      "license": "MIT"
    },
    "node_modules/@lit-labs/observers": {
      "version": "2.0.6",
      "resolved": "https://registry.npmjs.org/@lit-labs/observers/-/observers-2.0.6.tgz",
      "integrity": "sha512-m+fSQ0twckagzw7SG7DPvGO4qMfKqItIUREXwC7GTo4TWk2H4oz4ozAab5tdMtMqch3M9z4uIx3oPy9x/Ut2Ow==",
      "license": "BSD-3-Clause",
      "dependencies": {
        "@lit/reactive-element": "^1.0.0 || ^2.0.0",
        "lit-html": "^3.2.0"
      }
    },
    "node_modules/@lit-labs/ssr-dom-shim": {
      "version": "1.4.0",
      "resolved": "https://registry.npmjs.org/@lit-labs/ssr-dom-shim/-/ssr-dom-shim-1.4.0.tgz",
      "integrity": "sha512-ficsEARKnmmW5njugNYKipTm4SFnbik7CXtoencDZzmzo/dQ+2Q0bgkzJuoJP20Aj0F+izzJjOqsnkd6F/o1bw==",
      "license": "BSD-3-Clause"
    },
    "node_modules/@lit/reactive-element": {
      "version": "2.1.1",
      "resolved": "https://registry.npmjs.org/@lit/reactive-element/-/reactive-element-2.1.1.tgz",
      "integrity": "sha512-N+dm5PAYdQ8e6UlywyyrgI2t++wFGXfHx+dSJ1oBrg6FAxUj40jId++EaRm80MKX5JnlH1sBsyZ5h0bcZKemCg==",
      "license": "BSD-3-Clause",
      "dependencies": {
        "@lit-labs/ssr-dom-shim": "^1.4.0"
      }
    },
    "node_modules/@spectrum-web-components/action-button": {
      "version": "1.7.0",
      "resolved": "https://registry.npmjs.org/@spectrum-web-components/action-button/-/action-button-1.7.0.tgz",
      "integrity": "sha512-BPC574O86P/ipvwAgQscf+qsc1kzCqtL+X7sCFCn15prRJaI4jE7Qpm8xMRJFMC6scw66fhbx+GEwqqyRKQ10Q==",
      "license": "Apache-2.0",
      "dependencies": {
        "@spectrum-web-components/base": "1.7.0",
        "@spectrum-web-components/button": "1.7.0",
        "@spectrum-web-components/icon": "1.7.0",
        "@spectrum-web-components/icons-ui": "1.7.0",
        "@spectrum-web-components/shared": "1.7.0"
      }
    },
    "node_modules/@spectrum-web-components/base": {
      "version": "1.7.0",
      "resolved": "https://registry.npmjs.org/@spectrum-web-components/base/-/base-1.7.0.tgz",
      "integrity": "sha512-KYp/mvvFh7swi9x9/5Z+tYlA0Vd/Jc0BEPYEjphN2hpzh4uZNuFilMZWNYM7zDJvjZ/ZMIZzz4/Ugv6vIentZA==",
      "license": "Apache-2.0",
      "dependencies": {
        "lit": "^2.5.0 || ^3.1.3"
      }
    },
    "node_modules/@spectrum-web-components/button": {
      "version": "1.7.0",
      "resolved": "https://registry.npmjs.org/@spectrum-web-components/button/-/button-1.7.0.tgz",
      "integrity": "sha512-JMyJShFhCNVc/WXhsrlHswoz0B+w0R9JU00Spw8kgorQOZPwgIUWcNon/ZmA9X2ednsEympZIFsFLgqpch7whw==",
      "license": "Apache-2.0",
      "dependencies": {
        "@spectrum-web-components/base": "1.7.0",
        "@spectrum-web-components/clear-button": "1.7.0",
        "@spectrum-web-components/close-button": "1.7.0",
        "@spectrum-web-components/icon": "1.7.0",
        "@spectrum-web-components/icons-ui": "1.7.0",
        "@spectrum-web-components/progress-circle": "1.7.0",
        "@spectrum-web-components/reactive-controllers": "1.7.0",
        "@spectrum-web-components/shared": "1.7.0"
      }
    },
    "node_modules/@spectrum-web-components/clear-button": {
      "version": "1.7.0",
      "resolved": "https://registry.npmjs.org/@spectrum-web-components/clear-button/-/clear-button-1.7.0.tgz",
      "integrity": "sha512-eyfV9Rs5bJOa/+HSIcJIsvuRLpAIHHeL1gy1rfNFKNb7dvR2Egm12+N4ZsSx1DlOmWppPFVJp27udyZ+0PPgeQ==",
      "license": "Apache-2.0",
      "dependencies": {
        "@spectrum-web-components/base": "1.7.0"
      }
    },
    "node_modules/@spectrum-web-components/close-button": {
      "version": "1.7.0",
      "resolved": "https://registry.npmjs.org/@spectrum-web-components/close-button/-/close-button-1.7.0.tgz",
      "integrity": "sha512-wvaI4HC75Gum+Xdzk+JzqleJRykiiZjU/4potkVgbqP8qYrGF+IEdFJRfH3t4ktthJbw54i0AsFE+iS5j6y6Cw==",
      "license": "Apache-2.0",
      "dependencies": {
        "@spectrum-web-components/base": "1.7.0"
      }
    },
    "node_modules/@spectrum-web-components/divider": {
      "version": "1.7.0",
      "resolved": "https://registry.npmjs.org/@spectrum-web-components/divider/-/divider-1.7.0.tgz",
      "integrity": "sha512-2LLw6WPCnz8uNf++LtTfxQW69Be6+BsY2wtJJQhpih0yXSW1F7WVoIzkQZOzrVq1OV4OHx54MhdgHZ5vW5y3LA==",
      "license": "Apache-2.0",
      "dependencies": {
        "@spectrum-web-components/base": "1.7.0"
      }
    },
    "node_modules/@spectrum-web-components/field-label": {
      "version": "1.7.0",
      "resolved": "https://registry.npmjs.org/@spectrum-web-components/field-label/-/field-label-1.7.0.tgz",
      "integrity": "sha512-3LenOgWtJMyl5sx9vR/42t7SlVV4cabWi3D5dJKw6r99y7XRKSvSEvKIray5INJ+1unv88KflGOy8U1CPxpnLA==",
      "license": "Apache-2.0",
      "dependencies": {
        "@spectrum-web-components/base": "1.7.0",
        "@spectrum-web-components/icon": "1.7.0",
        "@spectrum-web-components/icons-ui": "1.7.0",
        "@spectrum-web-components/reactive-controllers": "1.7.0",
        "@spectrum-web-components/shared": "1.7.0"
      }
    },
    "node_modules/@spectrum-web-components/icon": {
      "version": "1.7.0",
      "resolved": "https://registry.npmjs.org/@spectrum-web-components/icon/-/icon-1.7.0.tgz",
      "integrity": "sha512-VLM2oIpOrak/u65gUMFax5FRkFPxm1C0ZRPnAAX3EcjJhgcyjTAO6S6I/rE3OB4hicowBWXUS3ImngM+puetUQ==",
      "license": "Apache-2.0",
      "dependencies": {
        "@spectrum-web-components/base": "1.7.0",
        "@spectrum-web-components/iconset": "1.7.0"
      }
    },
    "node_modules/@spectrum-web-components/icons-ui": {
      "version": "1.7.0",
      "resolved": "https://registry.npmjs.org/@spectrum-web-components/icons-ui/-/icons-ui-1.7.0.tgz",
      "integrity": "sha512-lIWU5n+WtfMzpAmesi4BqMSqqGIjz95kqK98pv9dHHU5AryMpZdo+m767PwomnJdoRu04Z++kNNKvY+X5cQZ/w==",
      "license": "Apache-2.0",
      "dependencies": {
        "@spectrum-web-components/base": "1.7.0",
        "@spectrum-web-components/icon": "1.7.0",
        "@spectrum-web-components/iconset": "1.7.0"
      }
    },
    "node_modules/@spectrum-web-components/icons-workflow": {
      "version": "1.7.0",
      "resolved": "https://registry.npmjs.org/@spectrum-web-components/icons-workflow/-/icons-workflow-1.7.0.tgz",
      "integrity": "sha512-2zCoRqxPEe5h1TLx7SVWucfDCZIZwbQ+esgle8vZr0Zr2902jrn3UyiTJYBtyyShGyZNFTWNvablwT/ZoEU8Vw==",
      "license": "Apache-2.0",
      "dependencies": {
        "@spectrum-web-components/base": "1.7.0",
        "@spectrum-web-components/icon": "1.7.0"
      }
    },
    "node_modules/@spectrum-web-components/iconset": {
      "version": "1.7.0",
      "resolved": "https://registry.npmjs.org/@spectrum-web-components/iconset/-/iconset-1.7.0.tgz",
      "integrity": "sha512-KLUpXdFtAe12qwtEGrDI6UK406FLCbsKCbggK8z6hw8vIMDe9sVYWC6D0KInPx1ZSLwuzpT7TF2uCU2aKgD5ow==",
      "license": "Apache-2.0",
      "dependencies": {
        "@spectrum-web-components/base": "1.7.0"
      }
    },
    "node_modules/@spectrum-web-components/menu": {
      "version": "1.7.0",
      "resolved": "https://registry.npmjs.org/@spectrum-web-components/menu/-/menu-1.7.0.tgz",
      "integrity": "sha512-RRX5WaCMRNyqrEJVS+zH1EDZpRwLTI8k9DgZRXZ6BX1NkpSfsPu9qV9GEoLg31smAjQqaLtdtdEnOK2g9vH9rQ==",
      "license": "Apache-2.0",
      "dependencies": {
        "@lit-labs/observers": "^2.0.2",
        "@spectrum-web-components/action-button": "1.7.0",
        "@spectrum-web-components/base": "1.7.0",
        "@spectrum-web-components/divider": "1.7.0",
        "@spectrum-web-components/icon": "1.7.0",
        "@spectrum-web-components/icons-ui": "1.7.0",
        "@spectrum-web-components/overlay": "1.7.0",
        "@spectrum-web-components/popover": "1.7.0",
        "@spectrum-web-components/reactive-controllers": "1.7.0",
        "@spectrum-web-components/shared": "1.7.0"
      }
    },
    "node_modules/@spectrum-web-components/modal": {
      "version": "1.7.0",
      "resolved": "https://registry.npmjs.org/@spectrum-web-components/modal/-/modal-1.7.0.tgz",
      "integrity": "sha512-2XX8hyF38QyupKrNmWImr0HmZ14uW/YXDhatFSqy1wGiek4F/7gIZxLlhGHCB+Zm3kUGqlDXscL3VgJSeGj64A==",
      "license": "Apache-2.0",
      "dependencies": {
        "@spectrum-web-components/base": "1.7.0"
      }
    },
    "node_modules/@spectrum-web-components/overlay": {
      "version": "1.7.0",
      "resolved": "https://registry.npmjs.org/@spectrum-web-components/overlay/-/overlay-1.7.0.tgz",
      "integrity": "sha512-U2hcp6Z1X4sleod0TYb0Q2FCmXwcI/vjYu9yr/a7huUV5dAnE0DYBx1wz1/sM/cJru8m51zyNzCXid4f22WyJA==",
      "license": "Apache-2.0",
      "dependencies": {
        "@floating-ui/dom": "^1.6.1",
        "@floating-ui/utils": "^0.2.1",
        "@spectrum-web-components/action-button": "1.7.0",
        "@spectrum-web-components/base": "1.7.0",
        "@spectrum-web-components/reactive-controllers": "1.7.0",
        "@spectrum-web-components/shared": "1.7.0",
        "@spectrum-web-components/theme": "1.7.0",
        "focus-trap": "^7.6.4"
      }
    },
    "node_modules/@spectrum-web-components/picker": {
      "version": "1.7.0",
      "resolved": "https://registry.npmjs.org/@spectrum-web-components/picker/-/picker-1.7.0.tgz",
      "integrity": "sha512-RuO7Ud9t2xKTTr1AM2s2cqKsv2UT2+DCnYYYhPMJk56Cy0rS0z6h+XjiHTSKhHQolIzv2pS6UfT7vOd/ClcqpQ==",
      "license": "Apache-2.0",
      "dependencies": {
        "@spectrum-web-components/base": "1.7.0",
        "@spectrum-web-components/button": "1.7.0",
        "@spectrum-web-components/field-label": "1.7.0",
        "@spectrum-web-components/icon": "1.7.0",
        "@spectrum-web-components/icons-ui": "1.7.0",
        "@spectrum-web-components/icons-workflow": "1.7.0",
        "@spectrum-web-components/menu": "1.7.0",
        "@spectrum-web-components/overlay": "1.7.0",
        "@spectrum-web-components/popover": "1.7.0",
        "@spectrum-web-components/progress-circle": "1.7.0",
        "@spectrum-web-components/reactive-controllers": "1.7.0",
        "@spectrum-web-components/shared": "1.7.0",
        "@spectrum-web-components/tooltip": "1.7.0",
        "@spectrum-web-components/tray": "1.7.0"
      }
    },
    "node_modules/@spectrum-web-components/popover": {
      "version": "1.7.0",
      "resolved": "https://registry.npmjs.org/@spectrum-web-components/popover/-/popover-1.7.0.tgz",
      "integrity": "sha512-SPZbhIszCAp/P3dqGkfjICnt4i/gBLi9zzsyUoL08KNBsELI89k6b3vQrtjuKTKhERcJ+JKdzQgMCAjyR6g+gg==",
      "license": "Apache-2.0",
      "dependencies": {
        "@spectrum-web-components/base": "1.7.0",
        "@spectrum-web-components/overlay": "1.7.0"
      }
    },
    "node_modules/@spectrum-web-components/progress-circle": {
      "version": "1.7.0",
      "resolved": "https://registry.npmjs.org/@spectrum-web-components/progress-circle/-/progress-circle-1.7.0.tgz",
      "integrity": "sha512-xz0cRnRJcGCAfT519MrBZVVetMrhwlhYTzEeaWuDlgw+5Oe3gRbNcYNwKcmxXZ2q+GWDYMvGK3jQ9wtpIsVeOQ==",
      "license": "Apache-2.0",
      "dependencies": {
        "@spectrum-web-components/base": "1.7.0",
        "@spectrum-web-components/shared": "1.7.0"
      }
    },
    "node_modules/@spectrum-web-components/reactive-controllers": {
      "version": "1.7.0",
      "resolved": "https://registry.npmjs.org/@spectrum-web-components/reactive-controllers/-/reactive-controllers-1.7.0.tgz",
      "integrity": "sha512-BYrYuRGw2OaKnj5kxlfvHvDrEQMtwBl8zpTBHKJZrvnPHJFYANtcjhylvzIoDQCcRihekm8GDQIOqiL8I0BKhA==",
      "license": "Apache-2.0",
      "dependencies": {
        "@spectrum-web-components/progress-circle": "1.7.0",
        "colorjs.io": "^0.5.2",
        "lit": "^2.5.0 || ^3.1.3"
      }
    },
    "node_modules/@spectrum-web-components/shared": {
      "version": "1.7.0",
      "resolved": "https://registry.npmjs.org/@spectrum-web-components/shared/-/shared-1.7.0.tgz",
      "integrity": "sha512-7bjmYer5VuENWZgo9u+eHLtn+4ZTK1z76xamYgHpZZZXZu6S29TBtxeg0NbF0nZWqAxpJx4ICNPZ3ZTz8kW52A==",
      "license": "Apache-2.0",
      "dependencies": {
        "@lit-labs/observers": "^2.0.2",
        "@spectrum-web-components/base": "1.7.0",
        "focus-visible": "^5.1.0"
      }
    },
    "node_modules/@spectrum-web-components/styles": {
      "version": "1.7.0",
      "resolved": "https://registry.npmjs.org/@spectrum-web-components/styles/-/styles-1.7.0.tgz",
      "integrity": "sha512-lWA+SB8qPZAtW6lUmAGYXSwWxmUM7UBsxZId2KWah/xDHj6Klh3bSm5JoDkMxK2E4YRd/2QYK/VDMdvk/HmNfw==",
      "license": "Apache-2.0",
      "dependencies": {
        "@spectrum-web-components/base": "1.7.0",
        "lit": "^2.5.0 || ^3.1.3"
      }
    },
    "node_modules/@spectrum-web-components/theme": {
      "version": "1.7.0",
      "resolved": "https://registry.npmjs.org/@spectrum-web-components/theme/-/theme-1.7.0.tgz",
      "integrity": "sha512-UXstgZwl7gDJCKJ7MoWSFt9iCDdf8d8SFb+HMQy9jW58/lUIpmrj46A6EX84Pk52K2F3VGF8OAEm3Pjl37VmsQ==",
      "license": "ISC",
      "dependencies": {
        "@spectrum-web-components/base": "1.7.0",
        "@spectrum-web-components/styles": "1.7.0"
      }
    },
    "node_modules/@spectrum-web-components/tooltip": {
      "version": "1.7.0",
      "resolved": "https://registry.npmjs.org/@spectrum-web-components/tooltip/-/tooltip-1.7.0.tgz",
      "integrity": "sha512-lQnR4UUkAROKYKGqVaCNXe+E73SBYB7FDT8PJEzRw+azI2uteIqOzX0uI/pTaMbLR6y+2m9VkG8xsMcG1J/ttA==",
      "license": "Apache-2.0",
      "dependencies": {
        "@spectrum-web-components/base": "1.7.0",
        "@spectrum-web-components/overlay": "1.7.0",
        "@spectrum-web-components/reactive-controllers": "1.7.0",
        "@spectrum-web-components/shared": "1.7.0"
      }
    },
    "node_modules/@spectrum-web-components/tray": {
      "version": "1.7.0",
      "resolved": "https://registry.npmjs.org/@spectrum-web-components/tray/-/tray-1.7.0.tgz",
      "integrity": "sha512-N2HO5q4v8j4E4vFZP+MKyOz1WXwp9CbcpiBIwzRWqpXdBBisii8hxVHdOrw1tY2EbNb1UEclGQgQa38iHdgQ7g==",
      "license": "Apache-2.0",
      "dependencies": {
        "@spectrum-web-components/base": "1.7.0",
        "@spectrum-web-components/modal": "1.7.0",
        "@spectrum-web-components/reactive-controllers": "1.7.0",
        "@spectrum-web-components/shared": "1.7.0",
        "@spectrum-web-components/underlay": "1.7.0"
      }
    },
    "node_modules/@spectrum-web-components/underlay": {
      "version": "1.7.0",
      "resolved": "https://registry.npmjs.org/@spectrum-web-components/underlay/-/underlay-1.7.0.tgz",
      "integrity": "sha512-/+0onj+loQ+JO/8mFe+vcG7mM7mR10dMLR7G+jdM8JMSPj4IAvkE09SzxioHsF8qSkTMbrDBFU3Aa9E/D1Zk5g==",
      "license": "Apache-2.0",
      "dependencies": {
        "@spectrum-web-components/base": "1.7.0"
      }
    },
    "node_modules/@types/trusted-types": {
      "version": "2.0.7",
      "resolved": "https://registry.npmjs.org/@types/trusted-types/-/trusted-types-2.0.7.tgz",
      "integrity": "sha512-ScaPdn1dQczgbl0QFTeTOmVHFULt394XJgOQNoyVhZ6r2vLnMLJfBPd53SB52T/3G36VI1/g2MZaX0cwDuXsfw==",
      "license": "MIT"
    },
    "node_modules/colorjs.io": {
      "version": "0.5.2",
      "resolved": "https://registry.npmjs.org/colorjs.io/-/colorjs.io-0.5.2.tgz",
      "integrity": "sha512-twmVoizEW7ylZSN32OgKdXRmo1qg+wT5/6C3xu5b9QsWzSFAhHLn2xd8ro0diCsKfCj1RdaTP/nrcW+vAoQPIw==",
      "license": "MIT"
    },
    "node_modules/focus-trap": {
      "version": "7.6.5",
      "resolved": "https://registry.npmjs.org/focus-trap/-/focus-trap-7.6.5.tgz",
      "integrity": "sha512-7Ke1jyybbbPZyZXFxEftUtxFGLMpE2n6A+z//m4CRDlj0hW+o3iYSmh8nFlYMurOiJVDmJRilUQtJr08KfIxlg==",
      "license": "MIT",
      "dependencies": {
        "tabbable": "^6.2.0"
      }
    },
    "node_modules/focus-visible": {
      "version": "5.2.1",
      "resolved": "https://registry.npmjs.org/focus-visible/-/focus-visible-5.2.1.tgz",
      "integrity": "sha512-8Bx950VD1bWTQJEH/AM6SpEk+SU55aVnp4Ujhuuxy3eMEBCRwBnTBnVXr9YAPvZL3/CNjCa8u4IWfNmEO53whA==",
      "license": "W3C"
    },
    "node_modules/lit": {
      "version": "3.3.1",
      "resolved": "https://registry.npmjs.org/lit/-/lit-3.3.1.tgz",
      "integrity": "sha512-Ksr/8L3PTapbdXJCk+EJVB78jDodUMaP54gD24W186zGRARvwrsPfS60wae/SSCTCNZVPd1chXqio1qHQmu4NA==",
      "license": "BSD-3-Clause",
      "dependencies": {
        "@lit/reactive-element": "^2.1.0",
        "lit-element": "^4.2.0",
        "lit-html": "^3.3.0"
      }
    },
    "node_modules/lit-element": {
      "version": "4.2.1",
      "resolved": "https://registry.npmjs.org/lit-element/-/lit-element-4.2.1.tgz",
      "integrity": "sha512-WGAWRGzirAgyphK2urmYOV72tlvnxw7YfyLDgQ+OZnM9vQQBQnumQ7jUJe6unEzwGU3ahFOjuz1iz1jjrpCPuw==",
      "license": "BSD-3-Clause",
      "dependencies": {
        "@lit-labs/ssr-dom-shim": "^1.4.0",
        "@lit/reactive-element": "^2.1.0",
        "lit-html": "^3.3.0"
      }
    },
    "node_modules/lit-html": {
      "version": "3.3.1",
      "resolved": "https://registry.npmjs.org/lit-html/-/lit-html-3.3.1.tgz",
      "integrity": "sha512-S9hbyDu/vs1qNrithiNyeyv64c9yqiW9l+DBgI18fL+MTvOtWoFR0FWiyq1TxaYef5wNlpEmzlXoBlZEO+WjoA==",
      "license": "BSD-3-Clause",
      "dependencies": {
        "@types/trusted-types": "^2.0.2"
      }
    },
    "node_modules/tabbable": {
      "version": "6.2.0",
      "resolved": "https://registry.npmjs.org/tabbable/-/tabbable-6.2.0.tgz",
      "integrity": "sha512-Cat63mxsVJlzYvN51JmVXIgNoUokrIaT2zLclCXjRd8boZ0004U4KCs/sToJ75C6sdlByWxpYnb5Boif1VSFew==",
      "license": "MIT"
    }
  }
}
